
Microsoft Visual Studio Solution File, Format Version 12.00
# Visual Studio Version 17
VisualStudioVersion = 17.0.31919.166
MinimumVisualStudioVersion = 10.0.40219.1
Project("{FAE04EC0-301F-11D3-BF4B-00C04F79EFBC}") = "WWSSE2021PP04_6679", "WWSSE2021PP04_6679\WWSSE2021PP04_6679.csproj", "{590885D5-4842-4366-BB26-995D39E67DC3}"
EndProject
Global
	GlobalSection(SolutionConfigurationPlatforms) = preSolution
		Debug|Any CPU = Debug|Any CPU
		Release|Any CPU = Release|Any CPU
	EndGlobalSection
	GlobalSection(ProjectConfigurationPlatforms) = postSolution
		{590885D5-4842-4366-BB26-995D39E67DC3}.Debug|Any CPU.ActiveCfg = Debug|Any CPU
		{590885D5-4842-4366-BB26-995D39E67DC3}.Debug|Any CPU.Build.0 = Debug|Any CPU
		{590885D5-4842-4366-BB26-995D39E67DC3}.Release|Any CPU.ActiveCfg = Release|Any CPU
		{590885D5-4842-4366-BB26-995D39E67DC3}.Release|Any CPU.Build.0 = Release|Any CPU
	EndGlobalSection
	GlobalSection(SolutionProperties) = preSolution
		HideSolutionNode = FALSE
	EndGlobalSection
	GlobalSection(ExtensibilityGlobals) = postSolution
		SolutionGuid = {5B8CB597-2224-4604-A279-A53A8D6AF46D}
	EndGlobalSection
EndGlobal
